{
  "name": "helper-demo",
  "version": "1.0.0",
  "lockfileVersion": 1,
  "requires": true,
  "dependencies": {
    "element-demo": {
      "version": "1.0.1",
      "resolved": "https://registry.npmjs.org/element-demo/-/element-demo-1.0.1.tgz",
      "integrity": "sha512-4q1HA4GHsKWKPx6+c6z9OpXc6vHSBdwMg7rV9g1/HnH7LJlJiIRhdtqR7b7feWPgZVIrGbC5ory/OxtRfdHdfQ=="
    }
  }
}
