{
  "name": "helper-demo",
  "version": "1.0.0",
  "lockfileVersion": 1,
  "requires": true,
  "dependencies": {
    "element-test-demo": {
      "version": "1.0.0",
      "resolved": "https://registry.npmjs.org/element-test-demo/-/element-test-demo-1.0.0.tgz",
      "integrity": "sha512-E8O0Mxp0TNeJo1avqMY1AL/hWYlz2LHXziYxBqoVPtenpxZYJzhRMnrkl/BOe/sBwsqPCDVmTeSFrVjpu5MNpQ=="
    }
  }
}
